{
  "name": "php-technical-dev-tools",
  "lockfileVersion": 3,
  "requires": true,
  "packages": {
    "": {
      "name": "php-technical-dev-tools",
      "dependencies": {
        "@anthropic-ai/claude-code": "2.1.210",
        "@github/copilot": "1.0.70",
        "@openai/codex": "0.147.0"
      }
    },
    "node_modules/@anthropic-ai/claude-code": {
      "version": "2.1.210",
      "resolved": "https://registry.npmjs.org/@anthropic-ai/claude-code/-/claude-code-2.1.210.tgz",
      "integrity": "sha512-VlV7HSkli4UhlZXF5dWmDolXDz16GJdhgpUbVeXnylRHjr6fDDQtgZhO1X1JAxrQjufqXhOs3o1hveqZjLmjNw==",
      "hasInstallScript": true,
      "license": "SEE LICENSE IN README.md",
      "bin": {
        "claude": "bin/claude.exe"
      },
      "engines": {
        "node": ">=22.0.0"
      },
      "optionalDependencies": {
        "@anthropic-ai/claude-code-darwin-arm64": "2.1.210",
        "@anthropic-ai/claude-code-darwin-x64": "2.1.210",
        "@anthropic-ai/claude-code-linux-arm64": "2.1.210",
        "@anthropic-ai/claude-code-linux-arm64-musl": "2.1.210",
        "@anthropic-ai/claude-code-linux-x64": "2.1.210",
        "@anthropic-ai/claude-code-linux-x64-musl": "2.1.210",
        "@anthropic-ai/claude-code-win32-arm64": "2.1.210",
        "@anthropic-ai/claude-code-win32-x64": "2.1.210"
      }
    },
    "node_modules/@anthropic-ai/claude-code-darwin-arm64": {
      "version": "2.1.210",
      "resolved": "https://registry.npmjs.org/@anthropic-ai/claude-code-darwin-arm64/-/claude-code-darwin-arm64-2.1.210.tgz",
      "integrity": "sha512-Bah0gEfrgKGzZWHieE37+MZNKlCDZ/OSGbD5PLecsJP0ulNoFJoGojWQGs4+fWjcO+LFVIBFJenLqaS1whMJxw==",
      "cpu": [
        "arm64"
      ],
      "license": "SEE LICENSE IN LICENSE.md",
      "optional": true,
      "os": [
        "darwin"
      ]
    },
    "node_modules/@anthropic-ai/claude-code-darwin-x64": {
      "version": "2.1.210",
      "resolved": "https://registry.npmjs.org/@anthropic-ai/claude-code-darwin-x64/-/claude-code-darwin-x64-2.1.210.tgz",
      "integrity": "sha512-IO7TXMAXd9LjPJAKh8oVQQk73nJFhFaqGT6BrmcEXBEG2gUr2Dup8gD7v6RuCklznP0EhNnEXtIKYzPoTYqgEA==",
      "cpu": [
        "x64"
      ],
      "license": "SEE LICENSE IN LICENSE.md",
      "optional": true,
      "os": [
        "darwin"
      ]
    },
    "node_modules/@anthropic-ai/claude-code-linux-arm64": {
      "version": "2.1.210",
      "resolved": "https://registry.npmjs.org/@anthropic-ai/claude-code-linux-arm64/-/claude-code-linux-arm64-2.1.210.tgz",
      "integrity": "sha512-eU6EVzxfey1ceW3qx7zrwWpoh6RnqUbLAFKK//IAqe2RWS3YkO8ABh7rgdWcGUADLAQ5YjTnGrX6VnFufJbZdw==",
      "cpu": [
        "arm64"
      ],
      "libc": [
        "glibc"
      ],
      "license": "SEE LICENSE IN LICENSE.md",
      "optional": true,
      "os": [
        "linux"
      ]
    },
    "node_modules/@anthropic-ai/claude-code-linux-arm64-musl": {
      "version": "2.1.210",
      "resolved": "https://registry.npmjs.org/@anthropic-ai/claude-code-linux-arm64-musl/-/claude-code-linux-arm64-musl-2.1.210.tgz",
      "integrity": "sha512-i3qir+hCzJ83tXDluu2hdJjS3oeAC5KmBALldpRl9d4GPp8G2HIhB/ukcNIXyHvzeRWxH/WsD1iHfl8UOZNzoA==",
      "cpu": [
        "arm64"
      ],
      "libc": [
        "musl"
      ],
      "license": "SEE LICENSE IN LICENSE.md",
      "optional": true,
      "os": [
        "linux"
      ]
    },
    "node_modules/@anthropic-ai/claude-code-linux-x64": {
      "version": "2.1.210",
      "resolved": "https://registry.npmjs.org/@anthropic-ai/claude-code-linux-x64/-/claude-code-linux-x64-2.1.210.tgz",
      "integrity": "sha512-E1vqxgSheADujZtBdz4UsigHjjulesv7FlYC19Jb/5Sq/csT8zlfKpJhST+LNovP4fU9TkK/urq3pE9c7PaDLw==",
      "cpu": [
        "x64"
      ],
      "libc": [
        "glibc"
      ],
      "license": "SEE LICENSE IN LICENSE.md",
      "optional": true,
      "os": [
        "linux"
      ]
    },
    "node_modules/@anthropic-ai/claude-code-linux-x64-musl": {
      "version": "2.1.210",
      "resolved": "https://registry.npmjs.org/@anthropic-ai/claude-code-linux-x64-musl/-/claude-code-linux-x64-musl-2.1.210.tgz",
      "integrity": "sha512-USB+xxSstBLENRZ7aG36zGOO89ZdBIMb6vICQ5N2DOfdHcuGUP3NCS9disDLM0V4ngxKnCmsNpxJ4aNSfEQ2QQ==",
      "cpu": [
        "x64"
      ],
      "libc": [
        "musl"
      ],
      "license": "SEE LICENSE IN LICENSE.md",
      "optional": true,
      "os": [
        "linux"
      ]
    },
    "node_modules/@anthropic-ai/claude-code-win32-arm64": {
      "version": "2.1.210",
      "resolved": "https://registry.npmjs.org/@anthropic-ai/claude-code-win32-arm64/-/claude-code-win32-arm64-2.1.210.tgz",
      "integrity": "sha512-GplS61uagqGR1wmrwu21nTn+UYsBt5TcxeEVJ4Kk601R5COJ5yqNpfwnwdqIaSiD0ufB8UvhE28q96+0NzWSmg==",
      "cpu": [
        "arm64"
      ],
      "license": "SEE LICENSE IN LICENSE.md",
      "optional": true,
      "os": [
        "win32"
      ]
    },
    "node_modules/@anthropic-ai/claude-code-win32-x64": {
      "version": "2.1.210",
      "resolved": "https://registry.npmjs.org/@anthropic-ai/claude-code-win32-x64/-/claude-code-win32-x64-2.1.210.tgz",
      "integrity": "sha512-uV9wkmIJybpvnW7gUIy3Z4dPBkd/VMMRA3msp5Kntf3O/DLOWpwTHYEueOsedzrndsUm7JxFyJuzG7A7cXCk3A==",
      "cpu": [
        "x64"
      ],
      "license": "SEE LICENSE IN LICENSE.md",
      "optional": true,
      "os": [
        "win32"
      ]
    },
    "node_modules/@github/copilot": {
      "version": "1.0.70",
      "resolved": "https://registry.npmjs.org/@github/copilot/-/copilot-1.0.70.tgz",
      "integrity": "sha512-onEwx5tod9t31Lc2rT5ns6s/fY6jtdwVWS3Fzs8hKUjCv7LFIMGf71MLcikl4GBXn6cq44+HVdNzCMWnLjYl3g==",
      "license": "SEE LICENSE IN LICENSE.md",
      "dependencies": {
        "detect-libc": "^2.1.2"
      },
      "bin": {
        "copilot": "npm-loader.js"
      },
      "optionalDependencies": {
        "@github/copilot-darwin-arm64": "1.0.70",
        "@github/copilot-darwin-x64": "1.0.70",
        "@github/copilot-linux-arm64": "1.0.70",
        "@github/copilot-linux-x64": "1.0.70",
        "@github/copilot-linuxmusl-arm64": "1.0.70",
        "@github/copilot-linuxmusl-x64": "1.0.70",
        "@github/copilot-win32-arm64": "1.0.70",
        "@github/copilot-win32-x64": "1.0.70"
      }
    },
    "node_modules/@github/copilot-darwin-arm64": {
      "version": "1.0.70",
      "resolved": "https://registry.npmjs.org/@github/copilot-darwin-arm64/-/copilot-darwin-arm64-1.0.70.tgz",
      "integrity": "sha512-NewReqBmTxtAzApZNmUsY4Xqy8N086MiQm7k35i9i+WrGyRiHxdZ/n/lMLCkqWoelr7pZhcZ7gQ7fHbEq1KdoQ==",
      "cpu": [
        "arm64"
      ],
      "license": "SEE LICENSE IN LICENSE.md",
      "optional": true,
      "os": [
        "darwin"
      ],
      "bin": {
        "copilot-darwin-arm64": "copilot"
      }
    },
    "node_modules/@github/copilot-darwin-x64": {
      "version": "1.0.70",
      "resolved": "https://registry.npmjs.org/@github/copilot-darwin-x64/-/copilot-darwin-x64-1.0.70.tgz",
      "integrity": "sha512-ydUEYI3udNAjdMsLPFQLH/JG9YFKcxuAUxYIyOK+F/m/Of9nODKdYa2hw2mlLanP4cNyuxGLflu+rtIqIb+cPw==",
      "cpu": [
        "x64"
      ],
      "license": "SEE LICENSE IN LICENSE.md",
      "optional": true,
      "os": [
        "darwin"
      ],
      "bin": {
        "copilot-darwin-x64": "copilot"
      }
    },
    "node_modules/@github/copilot-linux-arm64": {
      "version": "1.0.70",
      "resolved": "https://registry.npmjs.org/@github/copilot-linux-arm64/-/copilot-linux-arm64-1.0.70.tgz",
      "integrity": "sha512-EpR3VEEqMy5M9t3cs+6FtjX/AhyfoefzmcMAjBls+RGv1fILjaAby+rhKHzX5YVSxOu9OyQDlQVHK3kxznTU5Q==",
      "cpu": [
        "arm64"
      ],
      "libc": [
        "glibc"
      ],
      "license": "SEE LICENSE IN LICENSE.md",
      "optional": true,
      "os": [
        "linux"
      ],
      "bin": {
        "copilot-linux-arm64": "copilot"
      }
    },
    "node_modules/@github/copilot-linux-x64": {
      "version": "1.0.70",
      "resolved": "https://registry.npmjs.org/@github/copilot-linux-x64/-/copilot-linux-x64-1.0.70.tgz",
      "integrity": "sha512-4pyNKunm7GEzQZ+09Dwr4BwixJVNcQGBeqiZPKWBGxcSipwj90t8tidLYdNjgmXJoLerANhXZcY52wJW/HubEA==",
      "cpu": [
        "x64"
      ],
      "libc": [
        "glibc"
      ],
      "license": "SEE LICENSE IN LICENSE.md",
      "optional": true,
      "os": [
        "linux"
      ],
      "bin": {
        "copilot-linux-x64": "copilot"
      }
    },
    "node_modules/@github/copilot-linuxmusl-arm64": {
      "version": "1.0.70",
      "resolved": "https://registry.npmjs.org/@github/copilot-linuxmusl-arm64/-/copilot-linuxmusl-arm64-1.0.70.tgz",
      "integrity": "sha512-Xy3tDjIMmMkZZzJjCrK5aDCLLV5+pyOfIcT1lWLmqVWJG0erpHXL6KU82nGW+0nc0TPqGZFHvOyQeLuXl+s3ZA==",
      "cpu": [
        "arm64"
      ],
      "libc": [
        "musl"
      ],
      "license": "SEE LICENSE IN LICENSE.md",
      "optional": true,
      "os": [
        "linux"
      ],
      "bin": {
        "copilot-linuxmusl-arm64": "copilot"
      }
    },
    "node_modules/@github/copilot-linuxmusl-x64": {
      "version": "1.0.70",
      "resolved": "https://registry.npmjs.org/@github/copilot-linuxmusl-x64/-/copilot-linuxmusl-x64-1.0.70.tgz",
      "integrity": "sha512-AHWayI1lVTzxYkNkKrCBOo3XPG+Fb67zcqFivRjGaXG5tr9Bt870LIjIAWoJqQ1Clc3K2PsxyYZ1d8T6vjpWnA==",
      "cpu": [
        "x64"
      ],
      "libc": [
        "musl"
      ],
      "license": "SEE LICENSE IN LICENSE.md",
      "optional": true,
      "os": [
        "linux"
      ],
      "bin": {
        "copilot-linuxmusl-x64": "copilot"
      }
    },
    "node_modules/@github/copilot-win32-arm64": {
      "version": "1.0.70",
      "resolved": "https://registry.npmjs.org/@github/copilot-win32-arm64/-/copilot-win32-arm64-1.0.70.tgz",
      "integrity": "sha512-oWsWCTlUyIv4S3FdYoBNCscndLrUv+C3qgbfJ9mf+5igPqbIYL8alkc8FBHWPB/cornDNj65yd4s8dZrSkFPpg==",
      "cpu": [
        "arm64"
      ],
      "license": "SEE LICENSE IN LICENSE.md",
      "optional": true,
      "os": [
        "win32"
      ],
      "bin": {
        "copilot-win32-arm64": "copilot.exe"
      }
    },
    "node_modules/@github/copilot-win32-x64": {
      "version": "1.0.70",
      "resolved": "https://registry.npmjs.org/@github/copilot-win32-x64/-/copilot-win32-x64-1.0.70.tgz",
      "integrity": "sha512-KFDZ750CwhjKF6uATQ1pv1XrYHI+/qTQta954gYZaa+YJEXRstGd284uJ6NI3YXfshZwhTs64JdjN4xLodYwrA==",
      "cpu": [
        "x64"
      ],
      "license": "SEE LICENSE IN LICENSE.md",
      "optional": true,
      "os": [
        "win32"
      ],
      "bin": {
        "copilot-win32-x64": "copilot.exe"
      }
    },
    "node_modules/@openai/codex": {
      "version": "0.147.0",
      "resolved": "https://registry.npmjs.org/@openai/codex/-/codex-0.147.0.tgz",
      "integrity": "sha512-EQLEXecAG2ptxI7UpBMo2TR/ga5596/c/OsYF/0LoUDh5JANZ7IoGqlzBEWbuEVQ76JePIbtTW/ihCkp1a7Z3w==",
      "license": "Apache-2.0",
      "bin": {
        "codex": "bin/codex.js"
      },
      "engines": {
        "node": ">=16"
      },
      "optionalDependencies": {
        "@openai/codex-darwin-arm64": "npm:@openai/codex@0.147.0-darwin-arm64",
        "@openai/codex-darwin-x64": "npm:@openai/codex@0.147.0-darwin-x64",
        "@openai/codex-linux-arm64": "npm:@openai/codex@0.147.0-linux-arm64",
        "@openai/codex-linux-x64": "npm:@openai/codex@0.147.0-linux-x64",
        "@openai/codex-win32-arm64": "npm:@openai/codex@0.147.0-win32-arm64",
        "@openai/codex-win32-x64": "npm:@openai/codex@0.147.0-win32-x64"
      }
    },
    "node_modules/@openai/codex-darwin-arm64": {
      "name": "@openai/codex",
      "version": "0.147.0-darwin-arm64",
      "resolved": "https://registry.npmjs.org/@openai/codex/-/codex-0.147.0-darwin-arm64.tgz",
      "integrity": "sha512-BEUVkiOW7kLcRyrMLfAr/h9wF8sRVJyZDy6OHtVn6QGDXiv3BvAZVTY1Pu9xF7KdIdkYXbp4uayN0aDQQaAUJw==",
      "cpu": [
        "arm64"
      ],
      "license": "Apache-2.0",
      "optional": true,
      "os": [
        "darwin"
      ],
      "engines": {
        "node": ">=16"
      }
    },
    "node_modules/@openai/codex-darwin-x64": {
      "name": "@openai/codex",
      "version": "0.147.0-darwin-x64",
      "resolved": "https://registry.npmjs.org/@openai/codex/-/codex-0.147.0-darwin-x64.tgz",
      "integrity": "sha512-Tb8McE5SvJIH0Vs5R6sq7u+quiC931yan2KOOl6km1OdZ82+Wi7eF5XrSFPs5CF7xCgoIK4Vs+byMbT5hN+ZUw==",
      "cpu": [
        "x64"
      ],
      "license": "Apache-2.0",
      "optional": true,
      "os": [
        "darwin"
      ],
      "engines": {
        "node": ">=16"
      }
    },
    "node_modules/@openai/codex-linux-arm64": {
      "name": "@openai/codex",
      "version": "0.147.0-linux-arm64",
      "resolved": "https://registry.npmjs.org/@openai/codex/-/codex-0.147.0-linux-arm64.tgz",
      "integrity": "sha512-SLC1JXw2TYfr/c3HhrJubyyLelq7vTOLWVmiThFA+z0+WgzCPmaseJ/kzDD3Gge/TO7fCnnj7UcPmC0d2c8XAg==",
      "cpu": [
        "arm64"
      ],
      "license": "Apache-2.0",
      "optional": true,
      "os": [
        "linux"
      ],
      "engines": {
        "node": ">=16"
      }
    },
    "node_modules/@openai/codex-linux-x64": {
      "name": "@openai/codex",
      "version": "0.147.0-linux-x64",
      "resolved": "https://registry.npmjs.org/@openai/codex/-/codex-0.147.0-linux-x64.tgz",
      "integrity": "sha512-0W9MBxPpWW0cSkNqrTDN2jR7rzzT7oNMhQY5446lT2Lw5cz5yhDTck4Va9rjkQEm+HlFzP/dmEMSZbXfJsINmw==",
      "cpu": [
        "x64"
      ],
      "license": "Apache-2.0",
      "optional": true,
      "os": [
        "linux"
      ],
      "engines": {
        "node": ">=16"
      }
    },
    "node_modules/@openai/codex-win32-arm64": {
      "name": "@openai/codex",
      "version": "0.147.0-win32-arm64",
      "resolved": "https://registry.npmjs.org/@openai/codex/-/codex-0.147.0-win32-arm64.tgz",
      "integrity": "sha512-e2ZstJ8zT8Rm1nvR7CUVO+Gr3cTChE41+VfOzGhynzDXEoW0wfbjUQbc2bWbh1arG94LMm4y3dqBtUIbSrfeGA==",
      "cpu": [
        "arm64"
      ],
      "license": "Apache-2.0",
      "optional": true,
      "os": [
        "win32"
      ],
      "engines": {
        "node": ">=16"
      }
    },
    "node_modules/@openai/codex-win32-x64": {
      "name": "@openai/codex",
      "version": "0.147.0-win32-x64",
      "resolved": "https://registry.npmjs.org/@openai/codex/-/codex-0.147.0-win32-x64.tgz",
      "integrity": "sha512-oT7Ss5fAPf2fiWE9QNURqZcQGAAawSVxmIUdgPzckq4KFZAM+pRz9JbM4Rr498CjtbNgTOjWvDJ+DXvIBSfOPA==",
      "cpu": [
        "x64"
      ],
      "license": "Apache-2.0",
      "optional": true,
      "os": [
        "win32"
      ],
      "engines": {
        "node": ">=16"
      }
    },
    "node_modules/detect-libc": {
      "version": "2.1.2",
      "resolved": "https://registry.npmjs.org/detect-libc/-/detect-libc-2.1.2.tgz",
      "integrity": "sha512-Btj2BOOO83o3WyH59e8MgXsxEQVcarkUOpEYrubB0urwnN10yQ364rsiByU11nZlqWYZm05i/of7io4mzihBtQ==",
      "license": "Apache-2.0",
      "engines": {
        "node": ">=8"
      }
    }
  }
}
